
Microsoft Visual Studio Solution File, Format Version 12.00
# Visual Studio Version 17
VisualStudioVersion = 17.5.33424.131
MinimumVisualStudioVersion = 10.0.40219.1
Project("{9A19103F-16F7-4668-BE54-9A1E7A4F7556}") = "Wpf_Lab5", "Wpf_Lab5\Wpf_Lab5.csproj", "{67515F74-E4CD-4C0C-8F27-559D845629BA}"
EndProject
Project("{FAE04EC0-301F-11D3-BF4B-00C04F79EFBC}") = "Entidades", "Entidades\Entidades.csproj", "{0FA1728B-F647-4EEF-B2A7-67A09C0459BA}"
EndProject
Global
	GlobalSection(SolutionConfigurationPlatforms) = preSolution
		Debug|Any CPU = Debug|Any CPU
		Release|Any CPU = Release|Any CPU
	EndGlobalSection
	GlobalSection(ProjectConfigurationPlatforms) = postSolution
		{67515F74-E4CD-4C0C-8F27-559D845629BA}.Debug|Any CPU.ActiveCfg = Debug|Any CPU
		{67515F74-E4CD-4C0C-8F27-559D845629BA}.Debug|Any CPU.Build.0 = Debug|Any CPU
		{67515F74-E4CD-4C0C-8F27-559D845629BA}.Release|Any CPU.ActiveCfg = Release|Any CPU
		{67515F74-E4CD-4C0C-8F27-559D845629BA}.Release|Any CPU.Build.0 = Release|Any CPU
		{0FA1728B-F647-4EEF-B2A7-67A09C0459BA}.Debug|Any CPU.ActiveCfg = Debug|Any CPU
		{0FA1728B-F647-4EEF-B2A7-67A09C0459BA}.Debug|Any CPU.Build.0 = Debug|Any CPU
		{0FA1728B-F647-4EEF-B2A7-67A09C0459BA}.Release|Any CPU.ActiveCfg = Release|Any CPU
		{0FA1728B-F647-4EEF-B2A7-67A09C0459BA}.Release|Any CPU.Build.0 = Release|Any CPU
	EndGlobalSection
	GlobalSection(SolutionProperties) = preSolution
		HideSolutionNode = FALSE
	EndGlobalSection
	GlobalSection(ExtensibilityGlobals) = postSolution
		SolutionGuid = {610998F3-67E4-42E3-9031-BD50A8EF92BD}
	EndGlobalSection
EndGlobal
